// !$*UTF8*$!
{
	archiveVersion = 1;
	classes = {
	};
	objectVersion = 56;
	objects = {

/* Begin PBXBuildFile section */
		1347E70B2CD3FF7C0016AD6C /* FirebaseInAppMessaging-Beta in Frameworks */ = {isa = PBXBuildFile; productRef = 1347E70A2CD3FF7C0016AD6C /* FirebaseInAppMessaging-Beta */; };
		1347E70F2CD40BB30016AD6C /* LocationManager.swift in Sources */ = {isa = PBXBuildFile; fileRef = 1347E70E2CD40BB20016AD6C /* LocationManager.swift */; };
		134C968B2CCC40C7007E2AE1 /* EventDetailView.swift in Sources */ = {isa = PBXBuildFile; fileRef = 134C968A2CCC40C7007E2AE1 /* EventDetailView.swift */; };
		137046FD2CD2C7DD0095850D /* FirebaseMessaging in Frameworks */ = {isa = PBXBuildFile; productRef = 137046FC2CD2C7DD0095850D /* FirebaseMessaging */; };
		137047032CD3AAA20095850D /* ChatView.swift in Sources */ = {isa = PBXBuildFile; fileRef = 137047022CD3AAA20095850D /* ChatView.swift */; };
		137047052CD3EECC0095850D /* ProfileView.swift in Sources */ = {isa = PBXBuildFile; fileRef = 137047042CD3EECC0095850D /* ProfileView.swift */; };
		137047072CD3F05A0095850D /* ImagePicker.swift in Sources */ = {isa = PBXBuildFile; fileRef = 137047062CD3F05A0095850D /* ImagePicker.swift */; };
		1373246F2CCCE68E002769F0 /* FirebaseStorage in Frameworks */ = {isa = PBXBuildFile; productRef = 1373246E2CCCE68E002769F0 /* FirebaseStorage */; };
		137324712CCCE68E002769F0 /* FirebaseStorageCombine-Community in Frameworks */ = {isa = PBXBuildFile; productRef = 137324702CCCE68E002769F0 /* FirebaseStorageCombine-Community */; };
		139AB58D2CC91AB600E0D85D /* SocialNetworkAppApp.swift in Sources */ = {isa = PBXBuildFile; fileRef = 139AB58C2CC91AB600E0D85D /* SocialNetworkAppApp.swift */; };
		139AB58F2CC91AB600E0D85D /* ContentView.swift in Sources */ = {isa = PBXBuildFile; fileRef = 139AB58E2CC91AB600E0D85D /* ContentView.swift */; };
		139AB5912CC91AB800E0D85D /* Assets.xcassets in Resources */ = {isa = PBXBuildFile; fileRef = 139AB5902CC91AB800E0D85D /* Assets.xcassets */; };
		139AB5942CC91AB800E0D85D /* Preview Assets.xcassets in Resources */ = {isa = PBXBuildFile; fileRef = 139AB5932CC91AB800E0D85D /* Preview Assets.xcassets */; };
		139AB59E2CC91AB800E0D85D /* SocialNetworkAppTests.swift in Sources */ = {isa = PBXBuildFile; fileRef = 139AB59D2CC91AB800E0D85D /* SocialNetworkAppTests.swift */; };
		139AB5A82CC91AB800E0D85D /* SocialNetworkAppUITests.swift in Sources */ = {isa = PBXBuildFile; fileRef = 139AB5A72CC91AB800E0D85D /* SocialNetworkAppUITests.swift */; };
		139AB5AA2CC91AB800E0D85D /* SocialNetworkAppUITestsLaunchTests.swift in Sources */ = {isa = PBXBuildFile; fileRef = 139AB5A92CC91AB800E0D85D /* SocialNetworkAppUITestsLaunchTests.swift */; };
		139AB5B72CC91DA600E0D85D /* GoogleService-Info.plist in Resources */ = {isa = PBXBuildFile; fileRef = 139AB5B62CC91DA600E0D85D /* GoogleService-Info.plist */; };
		139AB5BA2CC9235A00E0D85D /* FirebaseAnalytics in Frameworks */ = {isa = PBXBuildFile; productRef = 139AB5B92CC9235A00E0D85D /* FirebaseAnalytics */; };
		139AB5BC2CC9235A00E0D85D /* FirebaseAnalyticsOnDeviceConversion in Frameworks */ = {isa = PBXBuildFile; productRef = 139AB5BB2CC9235A00E0D85D /* FirebaseAnalyticsOnDeviceConversion */; };
		139AB5BE2CC9235A00E0D85D /* FirebaseAnalyticsWithoutAdIdSupport in Frameworks */ = {isa = PBXBuildFile; productRef = 139AB5BD2CC9235A00E0D85D /* FirebaseAnalyticsWithoutAdIdSupport */; };
		139AB5C02CC9235A00E0D85D /* FirebaseAppCheck in Frameworks */ = {isa = PBXBuildFile; productRef = 139AB5BF2CC9235A00E0D85D /* FirebaseAppCheck */; };
		139AB5C22CC9235A00E0D85D /* FirebaseAppDistribution-Beta in Frameworks */ = {isa = PBXBuildFile; productRef = 139AB5C12CC9235A00E0D85D /* FirebaseAppDistribution-Beta */; };
		139AB5F62CC9254100E0D85D /* LoginView.swift in Sources */ = {isa = PBXBuildFile; fileRef = 139AB5F52CC9254000E0D85D /* LoginView.swift */; };
		139AB5F82CC9267400E0D85D /* FirebaseAuth in Frameworks */ = {isa = PBXBuildFile; productRef = 139AB5F72CC9267400E0D85D /* FirebaseAuth */; };
		139AB5FA2CC9267400E0D85D /* FirebaseCore in Frameworks */ = {isa = PBXBuildFile; productRef = 139AB5F92CC9267400E0D85D /* FirebaseCore */; };
		139AB5FC2CC929CA00E0D85D /* AuthViewModel.swift in Sources */ = {isa = PBXBuildFile; fileRef = 139AB5FB2CC929CA00E0D85D /* AuthViewModel.swift */; };
		139AB5FE2CC92A4600E0D85D /* RegisterView.swift in Sources */ = {isa = PBXBuildFile; fileRef = 139AB5FD2CC92A4600E0D85D /* RegisterView.swift */; };
		139AB6002CC930CF00E0D85D /* MainView.swift in Sources */ = {isa = PBXBuildFile; fileRef = 139AB5FF2CC930CF00E0D85D /* MainView.swift */; };
		13EC5F5D2CCB8D41009DF4C8 /* Event.swift in Sources */ = {isa = PBXBuildFile; fileRef = 13EC5F5C2CCB8D41009DF4C8 /* Event.swift */; };
		13EC5F5F2CCB8D61009DF4C8 /* AddEventView.swift in Sources */ = {isa = PBXBuildFile; fileRef = 13EC5F5E2CCB8D61009DF4C8 /* AddEventView.swift */; };
		13EC5F612CCB8E0D009DF4C8 /* NavigationButton.swift in Sources */ = {isa = PBXBuildFile; fileRef = 13EC5F602CCB8E0D009DF4C8 /* NavigationButton.swift */; };
		13EC5F632CCB9023009DF4C8 /* EventViewModel.swift in Sources */ = {isa = PBXBuildFile; fileRef = 13EC5F622CCB9023009DF4C8 /* EventViewModel.swift */; };
		13EC5F652CCB904D009DF4C8 /* FirebaseFirestore in Frameworks */ = {isa = PBXBuildFile; productRef = 13EC5F642CCB904D009DF4C8 /* FirebaseFirestore */; };
		13EC5F672CCB907A009DF4C8 /* FirebaseFirestoreCombine-Community in Frameworks */ = {isa = PBXBuildFile; productRef = 13EC5F662CCB907A009DF4C8 /* FirebaseFirestoreCombine-Community */; };
		13EC5F692CCB91C3009DF4C8 /* AddEventFormView.swift in Sources */ = {isa = PBXBuildFile; fileRef = 13EC5F682CCB91C3009DF4C8 /* AddEventFormView.swift */; };
		13EC5F6B2CCC30C4009DF4C8 /* EventListView.swift in Sources */ = {isa = PBXBuildFile; fileRef = 13EC5F6A2CCC30C4009DF4C8 /* EventListView.swift */; };
/* End PBXBuildFile section */

/* Begin PBXContainerItemProxy section */
		139AB59A2CC91AB800E0D85D /* PBXContainerItemProxy */ = {
			isa = PBXContainerItemProxy;
			containerPortal = 139AB5812CC91AB600E0D85D /* Project object */;
			proxyType = 1;
			remoteGlobalIDString = 139AB5882CC91AB600E0D85D;
			remoteInfo = SocialNetworkApp;
		};
		139AB5A42CC91AB800E0D85D /* PBXContainerItemProxy */ = {
			isa = PBXContainerItemProxy;
			containerPortal = 139AB5812CC91AB600E0D85D /* Project object */;
			proxyType = 1;
			remoteGlobalIDString = 139AB5882CC91AB600E0D85D;
			remoteInfo = SocialNetworkApp;
		};
/* End PBXContainerItemProxy section */

/* Begin PBXFileReference section */
		1347E70E2CD40BB20016AD6C /* LocationManager.swift */ = {isa = PBXFileReference; lastKnownFileType = sourcecode.swift; path = LocationManager.swift; sourceTree = "<group>"; };
		134C968A2CCC40C7007E2AE1 /* EventDetailView.swift */ = {isa = PBXFileReference; lastKnownFileType = sourcecode.swift; path = EventDetailView.swift; sourceTree = "<group>"; };
		137047022CD3AAA20095850D /* ChatView.swift */ = {isa = PBXFileReference; lastKnownFileType = sourcecode.swift; path = ChatView.swift; sourceTree = "<group>"; };
		137047042CD3EECC0095850D /* ProfileView.swift */ = {isa = PBXFileReference; lastKnownFileType = sourcecode.swift; path = ProfileView.swift; sourceTree = "<group>"; };
		137047062CD3F05A0095850D /* ImagePicker.swift */ = {isa = PBXFileReference; lastKnownFileType = sourcecode.swift; path = ImagePicker.swift; sourceTree = "<group>"; };
		139AB5892CC91AB600E0D85D /* SocialNetworkApp.app */ = {isa = PBXFileReference; explicitFileType = wrapper.application; includeInIndex = 0; path = SocialNetworkApp.app; sourceTree = BUILT_PRODUCTS_DIR; };
		139AB58C2CC91AB600E0D85D /* SocialNetworkAppApp.swift */ = {isa = PBXFileReference; lastKnownFileType = sourcecode.swift; path = SocialNetworkAppApp.swift; sourceTree = "<group>"; };
		139AB58E2CC91AB600E0D85D /* ContentView.swift */ = {isa = PBXFileReference; lastKnownFileType = sourcecode.swift; path = ContentView.swift; sourceTree = "<group>"; };
		139AB5902CC91AB800E0D85D /* Assets.xcassets */ = {isa = PBXFileReference; lastKnownFileType = folder.assetcatalog; path = Assets.xcassets; sourceTree = "<group>"; };
		139AB5932CC91AB800E0D85D /* Preview Assets.xcassets */ = {isa = PBXFileReference; lastKnownFileType = folder.assetcatalog; path = "Preview Assets.xcassets"; sourceTree = "<group>"; };
		139AB5992CC91AB800E0D85D /* SocialNetworkAppTests.xctest */ = {isa = PBXFileReference; explicitFileType = wrapper.cfbundle; includeInIndex = 0; path = SocialNetworkAppTests.xctest; sourceTree = BUILT_PRODUCTS_DIR; };
		139AB59D2CC91AB800E0D85D /* SocialNetworkAppTests.swift */ = {isa = PBXFileReference; lastKnownFileType = sourcecode.swift; path = SocialNetworkAppTests.swift; sourceTree = "<group>"; };
		139AB5A32CC91AB800E0D85D /* SocialNetworkAppUITests.xctest */ = {isa = PBXFileReference; explicitFileType = wrapper.cfbundle; includeInIndex = 0; path = SocialNetworkAppUITests.xctest; sourceTree = BUILT_PRODUCTS_DIR; };
		139AB5A72CC91AB800E0D85D /* SocialNetworkAppUITests.swift */ = {isa = PBXFileReference; lastKnownFileType = sourcecode.swift; path = SocialNetworkAppUITests.swift; sourceTree = "<group>"; };
		139AB5A92CC91AB800E0D85D /* SocialNetworkAppUITestsLaunchTests.swift */ = {isa = PBXFileReference; lastKnownFileType = sourcecode.swift; path = SocialNetworkAppUITestsLaunchTests.swift; sourceTree = "<group>"; };
		139AB5B62CC91DA600E0D85D /* GoogleService-Info.plist */ = {isa = PBXFileReference; fileEncoding = 4; lastKnownFileType = text.plist.xml; path = "GoogleService-Info.plist"; sourceTree = "<group>"; };
		139AB5F52CC9254000E0D85D /* LoginView.swift */ = {isa = PBXFileReference; lastKnownFileType = sourcecode.swift; path = LoginView.swift; sourceTree = "<group>"; };
		139AB5FB2CC929CA00E0D85D /* AuthViewModel.swift */ = {isa = PBXFileReference; lastKnownFileType = sourcecode.swift; path = AuthViewModel.swift; sourceTree = "<group>"; };
		139AB5FD2CC92A4600E0D85D /* RegisterView.swift */ = {isa = PBXFileReference; lastKnownFileType = sourcecode.swift; path = RegisterView.swift; sourceTree = "<group>"; };
		139AB5FF2CC930CF00E0D85D /* MainView.swift */ = {isa = PBXFileReference; lastKnownFileType = sourcecode.swift; path = MainView.swift; sourceTree = "<group>"; };
		13EC5F5C2CCB8D41009DF4C8 /* Event.swift */ = {isa = PBXFileReference; lastKnownFileType = sourcecode.swift; path = Event.swift; sourceTree = "<group>"; };
		13EC5F5E2CCB8D61009DF4C8 /* AddEventView.swift */ = {isa = PBXFileReference; lastKnownFileType = sourcecode.swift; path = AddEventView.swift; sourceTree = "<group>"; };
		13EC5F602CCB8E0D009DF4C8 /* NavigationButton.swift */ = {isa = PBXFileReference; lastKnownFileType = sourcecode.swift; path = NavigationButton.swift; sourceTree = "<group>"; };
		13EC5F622CCB9023009DF4C8 /* EventViewModel.swift */ = {isa = PBXFileReference; lastKnownFileType = sourcecode.swift; path = EventViewModel.swift; sourceTree = "<group>"; };
		13EC5F682CCB91C3009DF4C8 /* AddEventFormView.swift */ = {isa = PBXFileReference; lastKnownFileType = sourcecode.swift; path = AddEventFormView.swift; sourceTree = "<group>"; };
		13EC5F6A2CCC30C4009DF4C8 /* EventListView.swift */ = {isa = PBXFileReference; lastKnownFileType = sourcecode.swift; path = EventListView.swift; sourceTree = "<group>"; };
/* End PBXFileReference section */

/* Begin PBXFrameworksBuildPhase section */
		139AB5862CC91AB600E0D85D /* Frameworks */ = {
			isa = PBXFrameworksBuildPhase;
			buildActionMask = 2147483647;
			files = (
				1347E70B2CD3FF7C0016AD6C /* FirebaseInAppMessaging-Beta in Frameworks */,
				137046FD2CD2C7DD0095850D /* FirebaseMessaging in Frameworks */,
				137324712CCCE68E002769F0 /* FirebaseStorageCombine-Community in Frameworks */,
				139AB5C02CC9235A00E0D85D /* FirebaseAppCheck in Frameworks */,
				139AB5F82CC9267400E0D85D /* FirebaseAuth in Frameworks */,
				139AB5BA2CC9235A00E0D85D /* FirebaseAnalytics in Frameworks */,
				1373246F2CCCE68E002769F0 /* FirebaseStorage in Frameworks */,
				13EC5F672CCB907A009DF4C8 /* FirebaseFirestoreCombine-Community in Frameworks */,
				139AB5C22CC9235A00E0D85D /* FirebaseAppDistribution-Beta in Frameworks */,
				139AB5FA2CC9267400E0D85D /* FirebaseCore in Frameworks */,
				13EC5F652CCB904D009DF4C8 /* FirebaseFirestore in Frameworks */,
				139AB5BE2CC9235A00E0D85D /* FirebaseAnalyticsWithoutAdIdSupport in Frameworks */,
				139AB5BC2CC9235A00E0D85D /* FirebaseAnalyticsOnDeviceConversion in Frameworks */,
			);
			runOnlyForDeploymentPostprocessing = 0;
		};
		139AB5962CC91AB800E0D85D /* Frameworks */ = {
			isa = PBXFrameworksBuildPhase;
			buildActionMask = 2147483647;
			files = (
			);
			runOnlyForDeploymentPostprocessing = 0;
		};
		139AB5A02CC91AB800E0D85D /* Frameworks */ = {
			isa = PBXFrameworksBuildPhase;
			buildActionMask = 2147483647;
			files = (
			);
			runOnlyForDeploymentPostprocessing = 0;
		};
/* End PBXFrameworksBuildPhase section */

/* Begin PBXGroup section */
		139AB5802CC91AB600E0D85D = {
			isa = PBXGroup;
			children = (
				139AB58B2CC91AB600E0D85D /* SocialNetworkApp */,
				139AB59C2CC91AB800E0D85D /* SocialNetworkAppTests */,
				139AB5A62CC91AB800E0D85D /* SocialNetworkAppUITests */,
				139AB58A2CC91AB600E0D85D /* Products */,
			);
			sourceTree = "<group>";
		};
		139AB58A2CC91AB600E0D85D /* Products */ = {
			isa = PBXGroup;
			children = (
				139AB5892CC91AB600E0D85D /* SocialNetworkApp.app */,
				139AB5992CC91AB800E0D85D /* SocialNetworkAppTests.xctest */,
				139AB5A32CC91AB800E0D85D /* SocialNetworkAppUITests.xctest */,
			);
			name = Products;
			sourceTree = "<group>";
		};
		139AB58B2CC91AB600E0D85D /* SocialNetworkApp */ = {
			isa = PBXGroup;
			children = (
				139AB5B62CC91DA600E0D85D /* GoogleService-Info.plist */,
				13EC5F682CCB91C3009DF4C8 /* AddEventFormView.swift */,
				13EC5F5E2CCB8D61009DF4C8 /* AddEventView.swift */,
				139AB5FB2CC929CA00E0D85D /* AuthViewModel.swift */,
				139AB58E2CC91AB600E0D85D /* ContentView.swift */,
				137047022CD3AAA20095850D /* ChatView.swift */,
				13EC5F5C2CCB8D41009DF4C8 /* Event.swift */,
				134C968A2CCC40C7007E2AE1 /* EventDetailView.swift */,
				13EC5F6A2CCC30C4009DF4C8 /* EventListView.swift */,
				13EC5F622CCB9023009DF4C8 /* EventViewModel.swift */,
				139AB5F52CC9254000E0D85D /* LoginView.swift */,
				139AB5FF2CC930CF00E0D85D /* MainView.swift */,
				137047042CD3EECC0095850D /* ProfileView.swift */,
				1347E70E2CD40BB20016AD6C /* LocationManager.swift */,
				137047062CD3F05A0095850D /* ImagePicker.swift */,
				139AB58C2CC91AB600E0D85D /* SocialNetworkAppApp.swift */,
				139AB5FD2CC92A4600E0D85D /* RegisterView.swift */,
				13EC5F602CCB8E0D009DF4C8 /* NavigationButton.swift */,
				139AB5902CC91AB800E0D85D /* Assets.xcassets */,
				139AB5922CC91AB800E0D85D /* Preview Content */,
			);
			path = SocialNetworkApp;
			sourceTree = "<group>";
		};
		139AB5922CC91AB800E0D85D /* Preview Content */ = {
			isa = PBXGroup;
			children = (
				139AB5932CC91AB800E0D85D /* Preview Assets.xcassets */,
			);
			path = "Preview Content";
			sourceTree = "<group>";
		};
		139AB59C2CC91AB800E0D85D /* SocialNetworkAppTests */ = {
			isa = PBXGroup;
			children = (
				139AB59D2CC91AB800E0D85D /* SocialNetworkAppTests.swift */,
			);
			path = SocialNetworkAppTests;
			sourceTree = "<group>";
		};
		139AB5A62CC91AB800E0D85D /* SocialNetworkAppUITests */ = {
			isa = PBXGroup;
			children = (
				139AB5A72CC91AB800E0D85D /* SocialNetworkAppUITests.swift */,
				139AB5A92CC91AB800E0D85D /* SocialNetworkAppUITestsLaunchTests.swift */,
			);
			path = SocialNetworkAppUITests;
			sourceTree = "<group>";
		};
/* End PBXGroup section */

/* Begin PBXNativeTarget section */
		139AB5882CC91AB600E0D85D /* SocialNetworkApp */ = {
			isa = PBXNativeTarget;
			buildConfigurationList = 139AB5AD2CC91AB800E0D85D /* Build configuration list for PBXNativeTarget "SocialNetworkApp" */;
			buildPhases = (
				139AB5852CC91AB600E0D85D /* Sources */,
				139AB5862CC91AB600E0D85D /* Frameworks */,
				139AB5872CC91AB600E0D85D /* Resources */,
			);
			buildRules = (
			);
			dependencies = (
				139AB5C62CC923A500E0D85D /* PBXTargetDependency */,
				139AB5C82CC923A500E0D85D /* PBXTargetDependency */,
				139AB5CA2CC923A500E0D85D /* PBXTargetDependency */,
				139AB5CC2CC923A500E0D85D /* PBXTargetDependency */,
				139AB5CE2CC923A500E0D85D /* PBXTargetDependency */,
				139AB5D02CC923A500E0D85D /* PBXTargetDependency */,
				139AB5D22CC923A500E0D85D /* PBXTargetDependency */,
				139AB5D42CC923A500E0D85D /* PBXTargetDependency */,
				139AB5D62CC923A500E0D85D /* PBXTargetDependency */,
				139AB5D82CC923A500E0D85D /* PBXTargetDependency */,
				139AB5DA2CC923A500E0D85D /* PBXTargetDependency */,
				139AB5DC2CC923A500E0D85D /* PBXTargetDependency */,
				139AB5DE2CC923A500E0D85D /* PBXTargetDependency */,
				139AB5E02CC923A500E0D85D /* PBXTargetDependency */,
				139AB5E22CC923A500E0D85D /* PBXTargetDependency */,
				139AB5E42CC923A500E0D85D /* PBXTargetDependency */,
				139AB5E62CC923A500E0D85D /* PBXTargetDependency */,
				139AB5E82CC923A500E0D85D /* PBXTargetDependency */,
				139AB5EA2CC923A500E0D85D /* PBXTargetDependency */,
				139AB5EC2CC923A500E0D85D /* PBXTargetDependency */,
				139AB5EE2CC923A500E0D85D /* PBXTargetDependency */,
				139AB5F02CC923A500E0D85D /* PBXTargetDependency */,
				139AB5F22CC923A500E0D85D /* PBXTargetDependency */,
				139AB5F42CC923A500E0D85D /* PBXTargetDependency */,
			);
			name = SocialNetworkApp;
			packageProductDependencies = (
				139AB5B92CC9235A00E0D85D /* FirebaseAnalytics */,
				139AB5BB2CC9235A00E0D85D /* FirebaseAnalyticsOnDeviceConversion */,
				139AB5BD2CC9235A00E0D85D /* FirebaseAnalyticsWithoutAdIdSupport */,
				139AB5BF2CC9235A00E0D85D /* FirebaseAppCheck */,
				139AB5C12CC9235A00E0D85D /* FirebaseAppDistribution-Beta */,
				139AB5F72CC9267400E0D85D /* FirebaseAuth */,
				139AB5F92CC9267400E0D85D /* FirebaseCore */,
				13EC5F642CCB904D009DF4C8 /* FirebaseFirestore */,
				13EC5F662CCB907A009DF4C8 /* FirebaseFirestoreCombine-Community */,
				1373246E2CCCE68E002769F0 /* FirebaseStorage */,
				137324702CCCE68E002769F0 /* FirebaseStorageCombine-Community */,
				137046FC2CD2C7DD0095850D /* FirebaseMessaging */,
				1347E70A2CD3FF7C0016AD6C /* FirebaseInAppMessaging-Beta */,
			);
			productName = SocialNetworkApp;
			productReference = 139AB5892CC91AB600E0D85D /* SocialNetworkApp.app */;
			productType = "com.apple.product-type.application";
		};
		139AB5982CC91AB800E0D85D /* SocialNetworkAppTests */ = {
			isa = PBXNativeTarget;
			buildConfigurationList = 139AB5B02CC91AB800E0D85D /* Build configuration list for PBXNativeTarget "SocialNetworkAppTests" */;
			buildPhases = (
				139AB5952CC91AB800E0D85D /* Sources */,
				139AB5962CC91AB800E0D85D /* Frameworks */,
				139AB5972CC91AB800E0D85D /* Resources */,
			);
			buildRules = (
			);
			dependencies = (
				139AB59B2CC91AB800E0D85D /* PBXTargetDependency */,
			);
			name = SocialNetworkAppTests;
			productName = SocialNetworkAppTests;
			productReference = 139AB5992CC91AB800E0D85D /* SocialNetworkAppTests.xctest */;
			productType = "com.apple.product-type.bundle.unit-test";
		};
		139AB5A22CC91AB800E0D85D /* SocialNetworkAppUITests */ = {
			isa = PBXNativeTarget;
			buildConfigurationList = 139AB5B32CC91AB800E0D85D /* Build configuration list for PBXNativeTarget "SocialNetworkAppUITests" */;
			buildPhases = (
				139AB59F2CC91AB800E0D85D /* Sources */,
				139AB5A02CC91AB800E0D85D /* Frameworks */,
				139AB5A12CC91AB800E0D85D /* Resources */,
			);
			buildRules = (
			);
			dependencies = (
				139AB5A52CC91AB800E0D85D /* PBXTargetDependency */,
			);
			name = SocialNetworkAppUITests;
			productName = SocialNetworkAppUITests;
			productReference = 139AB5A32CC91AB800E0D85D /* SocialNetworkAppUITests.xctest */;
			productType = "com.apple.product-type.bundle.ui-testing";
		};
/* End PBXNativeTarget section */

/* Begin PBXProject section */
		139AB5812CC91AB600E0D85D /* Project object */ = {
			isa = PBXProject;
			attributes = {
				BuildIndependentTargetsInParallel = 1;
				LastSwiftUpdateCheck = 1530;
				LastUpgradeCheck = 1530;
				TargetAttributes = {
					139AB5882CC91AB600E0D85D = {
						CreatedOnToolsVersion = 15.3;
					};
					139AB5982CC91AB800E0D85D = {
						CreatedOnToolsVersion = 15.3;
						TestTargetID = 139AB5882CC91AB600E0D85D;
					};
					139AB5A22CC91AB800E0D85D = {
						CreatedOnToolsVersion = 15.3;
						TestTargetID = 139AB5882CC91AB600E0D85D;
					};
				};
			};
			buildConfigurationList = 139AB5842CC91AB600E0D85D /* Build configuration list for PBXProject "SocialNetworkApp" */;
			compatibilityVersion = "Xcode 14.0";
			developmentRegion = en;
			hasScannedForEncodings = 0;
			knownRegions = (
				en,
				Base,
			);
			mainGroup = 139AB5802CC91AB600E0D85D;
			packageReferences = (
				139AB5B82CC921E700E0D85D /* XCRemoteSwiftPackageReference "firebase-ios-sdk" */,
			);
			productRefGroup = 139AB58A2CC91AB600E0D85D /* Products */;
			projectDirPath = "";
			projectRoot = "";
			targets = (
				139AB5882CC91AB600E0D85D /* SocialNetworkApp */,
				139AB5982CC91AB800E0D85D /* SocialNetworkAppTests */,
				139AB5A22CC91AB800E0D85D /* SocialNetworkAppUITests */,
			);
		};
/* End PBXProject section */

/* Begin PBXResourcesBuildPhase section */
		139AB5872CC91AB600E0D85D /* Resources */ = {
			isa = PBXResourcesBuildPhase;
			buildActionMask = 2147483647;
			files = (
				139AB5942CC91AB800E0D85D /* Preview Assets.xcassets in Resources */,
				139AB5912CC91AB800E0D85D /* Assets.xcassets in Resources */,
				139AB5B72CC91DA600E0D85D /* GoogleService-Info.plist in Resources */,
			);
			runOnlyForDeploymentPostprocessing = 0;
		};
		139AB5972CC91AB800E0D85D /* Resources */ = {
			isa = PBXResourcesBuildPhase;
			buildActionMask = 2147483647;
			files = (
			);
			runOnlyForDeploymentPostprocessing = 0;
		};
		139AB5A12CC91AB800E0D85D /* Resources */ = {
			isa = PBXResourcesBuildPhase;
			buildActionMask = 2147483647;
			files = (
			);
			runOnlyForDeploymentPostprocessing = 0;
		};
/* End PBXResourcesBuildPhase section */

/* Begin PBXSourcesBuildPhase section */
		139AB5852CC91AB600E0D85D /* Sources */ = {
			isa = PBXSourcesBuildPhase;
			buildActionMask = 2147483647;
			files = (
				139AB5FC2CC929CA00E0D85D /* AuthViewModel.swift in Sources */,
				1347E70F2CD40BB30016AD6C /* LocationManager.swift in Sources */,
				134C968B2CCC40C7007E2AE1 /* EventDetailView.swift in Sources */,
				139AB6002CC930CF00E0D85D /* MainView.swift in Sources */,
				13EC5F612CCB8E0D009DF4C8 /* NavigationButton.swift in Sources */,
				137047032CD3AAA20095850D /* ChatView.swift in Sources */,
				13EC5F632CCB9023009DF4C8 /* EventViewModel.swift in Sources */,
				139AB5FE2CC92A4600E0D85D /* RegisterView.swift in Sources */,
				137047052CD3EECC0095850D /* ProfileView.swift in Sources */,
				13EC5F692CCB91C3009DF4C8 /* AddEventFormView.swift in Sources */,
				13EC5F5F2CCB8D61009DF4C8 /* AddEventView.swift in Sources */,
				13EC5F6B2CCC30C4009DF4C8 /* EventListView.swift in Sources */,
				139AB5F62CC9254100E0D85D /* LoginView.swift in Sources */,
				139AB58F2CC91AB600E0D85D /* ContentView.swift in Sources */,
				137047072CD3F05A0095850D /* ImagePicker.swift in Sources */,
				13EC5F5D2CCB8D41009DF4C8 /* Event.swift in Sources */,
				139AB58D2CC91AB600E0D85D /* SocialNetworkAppApp.swift in Sources */,
			);
			runOnlyForDeploymentPostprocessing = 0;
		};
		139AB5952CC91AB800E0D85D /* Sources */ = {
			isa = PBXSourcesBuildPhase;
			buildActionMask = 2147483647;
			files = (
				139AB59E2CC91AB800E0D85D /* SocialNetworkAppTests.swift in Sources */,
			);
			runOnlyForDeploymentPostprocessing = 0;
		};
		139AB59F2CC91AB800E0D85D /* Sources */ = {
			isa = PBXSourcesBuildPhase;
			buildActionMask = 2147483647;
			files = (
				139AB5AA2CC91AB800E0D85D /* SocialNetworkAppUITestsLaunchTests.swift in Sources */,
				139AB5A82CC91AB800E0D85D /* SocialNetworkAppUITests.swift in Sources */,
			);
			runOnlyForDeploymentPostprocessing = 0;
		};
/* End PBXSourcesBuildPhase section */

/* Begin PBXTargetDependency section */
		139AB59B2CC91AB800E0D85D /* PBXTargetDependency */ = {
			isa = PBXTargetDependency;
			target = 139AB5882CC91AB600E0D85D /* SocialNetworkApp */;
			targetProxy = 139AB59A2CC91AB800E0D85D /* PBXContainerItemProxy */;
		};
		139AB5A52CC91AB800E0D85D /* PBXTargetDependency */ = {
			isa = PBXTargetDependency;
			target = 139AB5882CC91AB600E0D85D /* SocialNetworkApp */;
			targetProxy = 139AB5A42CC91AB800E0D85D /* PBXContainerItemProxy */;
		};
		139AB5C62CC923A500E0D85D /* PBXTargetDependency */ = {
			isa = PBXTargetDependency;
			productRef = 139AB5C52CC923A500E0D85D /* FirebaseAnalytics */;
		};
		139AB5C82CC923A500E0D85D /* PBXTargetDependency */ = {
			isa = PBXTargetDependency;
			productRef = 139AB5C72CC923A500E0D85D /* FirebaseAnalyticsOnDeviceConversion */;
		};
		139AB5CA2CC923A500E0D85D /* PBXTargetDependency */ = {
			isa = PBXTargetDependency;
			productRef = 139AB5C92CC923A500E0D85D /* FirebaseAnalyticsWithoutAdIdSupport */;
		};
		139AB5CC2CC923A500E0D85D /* PBXTargetDependency */ = {
			isa = PBXTargetDependency;
			productRef = 139AB5CB2CC923A500E0D85D /* FirebaseAppCheck */;
		};
		139AB5CE2CC923A500E0D85D /* PBXTargetDependency */ = {
			isa = PBXTargetDependency;
			productRef = 139AB5CD2CC923A500E0D85D /* FirebaseAppDistribution-Beta */;
		};
		139AB5D02CC923A500E0D85D /* PBXTargetDependency */ = {
			isa = PBXTargetDependency;
			productRef = 139AB5CF2CC923A500E0D85D /* FirebaseAuth */;
		};
		139AB5D22CC923A500E0D85D /* PBXTargetDependency */ = {
			isa = PBXTargetDependency;
			productRef = 139AB5D12CC923A500E0D85D /* FirebaseAuthCombine-Community */;
		};
		139AB5D42CC923A500E0D85D /* PBXTargetDependency */ = {
			isa = PBXTargetDependency;
			productRef = 139AB5D32CC923A500E0D85D /* FirebaseCore */;
		};
		139AB5D62CC923A500E0D85D /* PBXTargetDependency */ = {
			isa = PBXTargetDependency;
			productRef = 139AB5D52CC923A500E0D85D /* FirebaseCrashlytics */;
		};
		139AB5D82CC923A500E0D85D /* PBXTargetDependency */ = {
			isa = PBXTargetDependency;
			productRef = 139AB5D72CC923A500E0D85D /* FirebaseDatabase */;
		};
		139AB5DA2CC923A500E0D85D /* PBXTargetDependency */ = {
			isa = PBXTargetDependency;
			productRef = 139AB5D92CC923A500E0D85D /* FirebaseDynamicLinks */;
		};
		139AB5DC2CC923A500E0D85D /* PBXTargetDependency */ = {
			isa = PBXTargetDependency;
			productRef = 139AB5DB2CC923A500E0D85D /* FirebaseFirestore */;
		};
		139AB5DE2CC923A500E0D85D /* PBXTargetDependency */ = {
			isa = PBXTargetDependency;
			productRef = 139AB5DD2CC923A500E0D85D /* FirebaseFirestoreCombine-Community */;
		};
		139AB5E02CC923A500E0D85D /* PBXTargetDependency */ = {
			isa = PBXTargetDependency;
			productRef = 139AB5DF2CC923A500E0D85D /* FirebaseFunctions */;
		};
		139AB5E22CC923A500E0D85D /* PBXTargetDependency */ = {
			isa = PBXTargetDependency;
			productRef = 139AB5E12CC923A500E0D85D /* FirebaseFunctionsCombine-Community */;
		};
		139AB5E42CC923A500E0D85D /* PBXTargetDependency */ = {
			isa = PBXTargetDependency;
			productRef = 139AB5E32CC923A500E0D85D /* FirebaseInAppMessaging-Beta */;
		};
		139AB5E62CC923A500E0D85D /* PBXTargetDependency */ = {
			isa = PBXTargetDependency;
			productRef = 139AB5E52CC923A500E0D85D /* FirebaseInstallations */;
		};
		139AB5E82CC923A500E0D85D /* PBXTargetDependency */ = {
			isa = PBXTargetDependency;
			productRef = 139AB5E72CC923A500E0D85D /* FirebaseMLModelDownloader */;
		};
		139AB5EA2CC923A500E0D85D /* PBXTargetDependency */ = {
			isa = PBXTargetDependency;
			productRef = 139AB5E92CC923A500E0D85D /* FirebaseMessaging */;
		};
		139AB5EC2CC923A500E0D85D /* PBXTargetDependency */ = {
			isa = PBXTargetDependency;
			productRef = 139AB5EB2CC923A500E0D85D /* FirebasePerformance */;
		};
		139AB5EE2CC923A500E0D85D /* PBXTargetDependency */ = {
			isa = PBXTargetDependency;
			productRef = 139AB5ED2CC923A500E0D85D /* FirebaseRemoteConfig */;
		};
		139AB5F02CC923A500E0D85D /* PBXTargetDependency */ = {
			isa = PBXTargetDependency;
			productRef = 139AB5EF2CC923A500E0D85D /* FirebaseStorage */;
		};
		139AB5F22CC923A500E0D85D /* PBXTargetDependency */ = {
			isa = PBXTargetDependency;
			productRef = 139AB5F12CC923A500E0D85D /* FirebaseStorageCombine-Community */;
		};
		139AB5F42CC923A500E0D85D /* PBXTargetDependency */ = {
			isa = PBXTargetDependency;
			productRef = 139AB5F32CC923A500E0D85D /* FirebaseVertexAI */;
		};
/* End PBXTargetDependency section */

/* Begin XCBuildConfiguration section */
		139AB5AB2CC91AB800E0D85D /* Debug */ = {
			isa = XCBuildConfiguration;
			buildSettings = {
				ALWAYS_SEARCH_USER_PATHS = NO;
				ASSETCATALOG_COMPILER_GENERATE_SWIFT_ASSET_SYMBOL_EXTENSIONS = YES;
				CLANG_ANALYZER_NONNULL = YES;
				CLANG_ANALYZER_NUMBER_OBJECT_CONVERSION = YES_AGGRESSIVE;
				CLANG_CXX_LANGUAGE_STANDARD = "gnu++20";
				CLANG_ENABLE_MODULES = YES;
				CLANG_ENABLE_OBJC_ARC = YES;
				CLANG_ENABLE_OBJC_WEAK = YES;
				CLANG_WARN_BLOCK_CAPTURE_AUTORELEASING = YES;
				CLANG_WARN_BOOL_CONVERSION = YES;
				CLANG_WARN_COMMA = YES;
				CLANG_WARN_CONSTANT_CONVERSION = YES;
				CLANG_WARN_DEPRECATED_OBJC_IMPLEMENTATIONS = YES;
				CLANG_WARN_DIRECT_OBJC_ISA_USAGE = YES_ERROR;
				CLANG_WARN_DOCUMENTATION_COMMENTS = YES;
				CLANG_WARN_EMPTY_BODY = YES;
				CLANG_WARN_ENUM_CONVERSION = YES;
				CLANG_WARN_INFINITE_RECURSION = YES;
				CLANG_WARN_INT_CONVERSION = YES;
				CLANG_WARN_NON_LITERAL_NULL_CONVERSION = YES;
				CLANG_WARN_OBJC_IMPLICIT_RETAIN_SELF = YES;
				CLANG_WARN_OBJC_LITERAL_CONVERSION = YES;
				CLANG_WARN_OBJC_ROOT_CLASS = YES_ERROR;
				CLANG_WARN_QUOTED_INCLUDE_IN_FRAMEWORK_HEADER = YES;
				CLANG_WARN_RANGE_LOOP_ANALYSIS = YES;
				CLANG_WARN_STRICT_PROTOTYPES = YES;
				CLANG_WARN_SUSPICIOUS_MOVE = YES;
				CLANG_WARN_UNGUARDED_AVAILABILITY = YES_AGGRESSIVE;
				CLANG_WARN_UNREACHABLE_CODE = YES;
				CLANG_WARN__DUPLICATE_METHOD_MATCH = YES;
				COPY_PHASE_STRIP = NO;
				DEBUG_INFORMATION_FORMAT = dwarf;
				ENABLE_STRICT_OBJC_MSGSEND = YES;
				ENABLE_TESTABILITY = YES;
				ENABLE_USER_SCRIPT_SANDBOXING = YES;
				GCC_C_LANGUAGE_STANDARD = gnu17;
				GCC_DYNAMIC_NO_PIC = NO;
				GCC_NO_COMMON_BLOCKS = YES;
				GCC_OPTIMIZATION_LEVEL = 0;
				GCC_PREPROCESSOR_DEFINITIONS = (
					"DEBUG=1",
					"$(inherited)",
				);
				GCC_WARN_64_TO_32_BIT_CONVERSION = YES;
				GCC_WARN_ABOUT_RETURN_TYPE = YES_ERROR;
				GCC_WARN_UNDECLARED_SELECTOR = YES;
				GCC_WARN_UNINITIALIZED_AUTOS = YES_AGGRESSIVE;
				GCC_WARN_UNUSED_FUNCTION = YES;
				GCC_WARN_UNUSED_VARIABLE = YES;
				IPHONEOS_DEPLOYMENT_TARGET = 17.4;
				LOCALIZATION_PREFERS_STRING_CATALOGS = YES;
				MTL_ENABLE_DEBUG_INFO = INCLUDE_SOURCE;
				MTL_FAST_MATH = YES;
				ONLY_ACTIVE_ARCH = YES;
				SDKROOT = iphoneos;
				SWIFT_ACTIVE_COMPILATION_CONDITIONS = "DEBUG $(inherited)";
				SWIFT_OPTIMIZATION_LEVEL = "-Onone";
			};
			name = Debug;
		};
		139AB5AC2CC91AB800E0D85D /* Release */ = {
			isa = XCBuildConfiguration;
			buildSettings = {
				ALWAYS_SEARCH_USER_PATHS = NO;
				ASSETCATALOG_COMPILER_GENERATE_SWIFT_ASSET_SYMBOL_EXTENSIONS = YES;
				CLANG_ANALYZER_NONNULL = YES;
				CLANG_ANALYZER_NUMBER_OBJECT_CONVERSION = YES_AGGRESSIVE;
				CLANG_CXX_LANGUAGE_STANDARD = "gnu++20";
				CLANG_ENABLE_MODULES = YES;
				CLANG_ENABLE_OBJC_ARC = YES;
				CLANG_ENABLE_OBJC_WEAK = YES;
				CLANG_WARN_BLOCK_CAPTURE_AUTORELEASING = YES;
				CLANG_WARN_BOOL_CONVERSION = YES;
				CLANG_WARN_COMMA = YES;
				CLANG_WARN_CONSTANT_CONVERSION = YES;
				CLANG_WARN_DEPRECATED_OBJC_IMPLEMENTATIONS = YES;
				CLANG_WARN_DIRECT_OBJC_ISA_USAGE = YES_ERROR;
				CLANG_WARN_DOCUMENTATION_COMMENTS = YES;
				CLANG_WARN_EMPTY_BODY = YES;
				CLANG_WARN_ENUM_CONVERSION = YES;
				CLANG_WARN_INFINITE_RECURSION = YES;
				CLANG_WARN_INT_CONVERSION = YES;
				CLANG_WARN_NON_LITERAL_NULL_CONVERSION = YES;
				CLANG_WARN_OBJC_IMPLICIT_RETAIN_SELF = YES;
				CLANG_WARN_OBJC_LITERAL_CONVERSION = YES;
				CLANG_WARN_OBJC_ROOT_CLASS = YES_ERROR;
				CLANG_WARN_QUOTED_INCLUDE_IN_FRAMEWORK_HEADER = YES;
				CLANG_WARN_RANGE_LOOP_ANALYSIS = YES;
				CLANG_WARN_STRICT_PROTOTYPES = YES;
				CLANG_WARN_SUSPICIOUS_MOVE = YES;
				CLANG_WARN_UNGUARDED_AVAILABILITY = YES_AGGRESSIVE;
				CLANG_WARN_UNREACHABLE_CODE = YES;
				CLANG_WARN__DUPLICATE_METHOD_MATCH = YES;
				COPY_PHASE_STRIP = NO;
				DEBUG_INFORMATION_FORMAT = "dwarf-with-dsym";
				ENABLE_NS_ASSERTIONS = NO;
				ENABLE_STRICT_OBJC_MSGSEND = YES;
				ENABLE_USER_SCRIPT_SANDBOXING = YES;
				GCC_C_LANGUAGE_STANDARD = gnu17;
				GCC_NO_COMMON_BLOCKS = YES;
				GCC_WARN_64_TO_32_BIT_CONVERSION = YES;
				GCC_WARN_ABOUT_RETURN_TYPE = YES_ERROR;
				GCC_WARN_UNDECLARED_SELECTOR = YES;
				GCC_WARN_UNINITIALIZED_AUTOS = YES_AGGRESSIVE;
				GCC_WARN_UNUSED_FUNCTION = YES;
				GCC_WARN_UNUSED_VARIABLE = YES;
				IPHONEOS_DEPLOYMENT_TARGET = 17.4;
				LOCALIZATION_PREFERS_STRING_CATALOGS = YES;
				MTL_ENABLE_DEBUG_INFO = NO;
				MTL_FAST_MATH = YES;
				SDKROOT = iphoneos;
				SWIFT_COMPILATION_MODE = wholemodule;
				VALIDATE_PRODUCT = YES;
			};
			name = Release;
		};
		139AB5AE2CC91AB800E0D85D /* Debug */ = {
			isa = XCBuildConfiguration;
			buildSettings = {
				ASSETCATALOG_COMPILER_APPICON_NAME = AppIcon;
				ASSETCATALOG_COMPILER_GLOBAL_ACCENT_COLOR_NAME = AccentColor;
				CODE_SIGN_STYLE = Automatic;
				CURRENT_PROJECT_VERSION = 1;
				DEVELOPMENT_ASSET_PATHS = "\"SocialNetworkApp/Preview Content\"";
				DEVELOPMENT_TEAM = KJA96NH7AC;
				ENABLE_PREVIEWS = YES;
				GENERATE_INFOPLIST_FILE = YES;
				INFOPLIST_KEY_UIApplicationSceneManifest_Generation = YES;
				INFOPLIST_KEY_UIApplicationSupportsIndirectInputEvents = YES;
				INFOPLIST_KEY_UILaunchScreen_Generation = YES;
				INFOPLIST_KEY_UISupportedInterfaceOrientations_iPad = "UIInterfaceOrientationPortrait UIInterfaceOrientationPortraitUpsideDown UIInterfaceOrientationLandscapeLeft UIInterfaceOrientationLandscapeRight";
				INFOPLIST_KEY_UISupportedInterfaceOrientations_iPhone = "UIInterfaceOrientationPortrait UIInterfaceOrientationLandscapeLeft UIInterfaceOrientationLandscapeRight";
				LD_RUNPATH_SEARCH_PATHS = (
					"$(inherited)",
					"@executable_path/Frameworks",
				);
				MARKETING_VERSION = 1.0;
				PRODUCT_BUNDLE_IDENTIFIER = ehb.be.SocialNetworkApp;
				PRODUCT_NAME = "$(TARGET_NAME)";
				SWIFT_EMIT_LOC_STRINGS = YES;
				SWIFT_VERSION = 5.0;
				TARGETED_DEVICE_FAMILY = "1,2";
			};
			name = Debug;
		};
		139AB5AF2CC91AB800E0D85D /* Release */ = {
			isa = XCBuildConfiguration;
			buildSettings = {
				ASSETCATALOG_COMPILER_APPICON_NAME = AppIcon;
				ASSETCATALOG_COMPILER_GLOBAL_ACCENT_COLOR_NAME = AccentColor;
				CODE_SIGN_STYLE = Automatic;
				CURRENT_PROJECT_VERSION = 1;
				DEVELOPMENT_ASSET_PATHS = "\"SocialNetworkApp/Preview Content\"";
				DEVELOPMENT_TEAM = KJA96NH7AC;
				ENABLE_PREVIEWS = YES;
				GENERATE_INFOPLIST_FILE = YES;
				INFOPLIST_KEY_UIApplicationSceneManifest_Generation = YES;
				INFOPLIST_KEY_UIApplicationSupportsIndirectInputEvents = YES;
				INFOPLIST_KEY_UILaunchScreen_Generation = YES;
				INFOPLIST_KEY_UISupportedInterfaceOrientations_iPad = "UIInterfaceOrientationPortrait UIInterfaceOrientationPortraitUpsideDown UIInterfaceOrientationLandscapeLeft UIInterfaceOrientationLandscapeRight";
				INFOPLIST_KEY_UISupportedInterfaceOrientations_iPhone = "UIInterfaceOrientationPortrait UIInterfaceOrientationLandscapeLeft UIInterfaceOrientationLandscapeRight";
				LD_RUNPATH_SEARCH_PATHS = (
					"$(inherited)",
					"@executable_path/Frameworks",
				);
				MARKETING_VERSION = 1.0;
				PRODUCT_BUNDLE_IDENTIFIER = ehb.be.SocialNetworkApp;
				PRODUCT_NAME = "$(TARGET_NAME)";
				SWIFT_EMIT_LOC_STRINGS = YES;
				SWIFT_VERSION = 5.0;
				TARGETED_DEVICE_FAMILY = "1,2";
			};
			name = Release;
		};
		139AB5B12CC91AB800E0D85D /* Debug */ = {
			isa = XCBuildConfiguration;
			buildSettings = {
				ALWAYS_EMBED_SWIFT_STANDARD_LIBRARIES = YES;
				BUNDLE_LOADER = "$(TEST_HOST)";
				CODE_SIGN_STYLE = Automatic;
				CURRENT_PROJECT_VERSION = 1;
				DEVELOPMENT_TEAM = KJA96NH7AC;
				GENERATE_INFOPLIST_FILE = YES;
				IPHONEOS_DEPLOYMENT_TARGET = 17.4;
				MARKETING_VERSION = 1.0;
				PRODUCT_BUNDLE_IDENTIFIER = ehb.be.SocialNetworkAppTests;
				PRODUCT_NAME = "$(TARGET_NAME)";
				SWIFT_EMIT_LOC_STRINGS = NO;
				SWIFT_VERSION = 5.0;
				TARGETED_DEVICE_FAMILY = "1,2";
				TEST_HOST = "$(BUILT_PRODUCTS_DIR)/SocialNetworkApp.app/$(BUNDLE_EXECUTABLE_FOLDER_PATH)/SocialNetworkApp";
			};
			name = Debug;
		};
		139AB5B22CC91AB800E0D85D /* Release */ = {
			isa = XCBuildConfiguration;
			buildSettings = {
				ALWAYS_EMBED_SWIFT_STANDARD_LIBRARIES = YES;
				BUNDLE_LOADER = "$(TEST_HOST)";
				CODE_SIGN_STYLE = Automatic;
				CURRENT_PROJECT_VERSION = 1;
				DEVELOPMENT_TEAM = KJA96NH7AC;
				GENERATE_INFOPLIST_FILE = YES;
				IPHONEOS_DEPLOYMENT_TARGET = 17.4;
				MARKETING_VERSION = 1.0;
				PRODUCT_BUNDLE_IDENTIFIER = ehb.be.SocialNetworkAppTests;
				PRODUCT_NAME = "$(TARGET_NAME)";
				SWIFT_EMIT_LOC_STRINGS = NO;
				SWIFT_VERSION = 5.0;
				TARGETED_DEVICE_FAMILY = "1,2";
				TEST_HOST = "$(BUILT_PRODUCTS_DIR)/SocialNetworkApp.app/$(BUNDLE_EXECUTABLE_FOLDER_PATH)/SocialNetworkApp";
			};
			name = Release;
		};
		139AB5B42CC91AB800E0D85D /* Debug */ = {
			isa = XCBuildConfiguration;
			buildSettings = {
				ALWAYS_EMBED_SWIFT_STANDARD_LIBRARIES = YES;
				CODE_SIGN_STYLE = Automatic;
				CURRENT_PROJECT_VERSION = 1;
				DEVELOPMENT_TEAM = KJA96NH7AC;
				GENERATE_INFOPLIST_FILE = YES;
				MARKETING_VERSION = 1.0;
				PRODUCT_BUNDLE_IDENTIFIER = ehb.be.SocialNetworkAppUITests;
				PRODUCT_NAME = "$(TARGET_NAME)";
				SWIFT_EMIT_LOC_STRINGS = NO;
				SWIFT_VERSION = 5.0;
				TARGETED_DEVICE_FAMILY = "1,2";
				TEST_TARGET_NAME = SocialNetworkApp;
			};
			name = Debug;
		};
		139AB5B52CC91AB800E0D85D /* Release */ = {
			isa = XCBuildConfiguration;
			buildSettings = {
				ALWAYS_EMBED_SWIFT_STANDARD_LIBRARIES = YES;
				CODE_SIGN_STYLE = Automatic;
				CURRENT_PROJECT_VERSION = 1;
				DEVELOPMENT_TEAM = KJA96NH7AC;
				GENERATE_INFOPLIST_FILE = YES;
				MARKETING_VERSION = 1.0;
				PRODUCT_BUNDLE_IDENTIFIER = ehb.be.SocialNetworkAppUITests;
				PRODUCT_NAME = "$(TARGET_NAME)";
				SWIFT_EMIT_LOC_STRINGS = NO;
				SWIFT_VERSION = 5.0;
				TARGETED_DEVICE_FAMILY = "1,2";
				TEST_TARGET_NAME = SocialNetworkApp;
			};
			name = Release;
		};
/* End XCBuildConfiguration section */

/* Begin XCConfigurationList section */
		139AB5842CC91AB600E0D85D /* Build configuration list for PBXProject "SocialNetworkApp" */ = {
			isa = XCConfigurationList;
			buildConfigurations = (
				139AB5AB2CC91AB800E0D85D /* Debug */,
				139AB5AC2CC91AB800E0D85D /* Release */,
			);
			defaultConfigurationIsVisible = 0;
			defaultConfigurationName = Release;
		};
		139AB5AD2CC91AB800E0D85D /* Build configuration list for PBXNativeTarget "SocialNetworkApp" */ = {
			isa = XCConfigurationList;
			buildConfigurations = (
				139AB5AE2CC91AB800E0D85D /* Debug */,
				139AB5AF2CC91AB800E0D85D /* Release */,
			);
			defaultConfigurationIsVisible = 0;
			defaultConfigurationName = Release;
		};
		139AB5B02CC91AB800E0D85D /* Build configuration list for PBXNativeTarget "SocialNetworkAppTests" */ = {
			isa = XCConfigurationList;
			buildConfigurations = (
				139AB5B12CC91AB800E0D85D /* Debug */,
				139AB5B22CC91AB800E0D85D /* Release */,
			);
			defaultConfigurationIsVisible = 0;
			defaultConfigurationName = Release;
		};
		139AB5B32CC91AB800E0D85D /* Build configuration list for PBXNativeTarget "SocialNetworkAppUITests" */ = {
			isa = XCConfigurationList;
			buildConfigurations = (
				139AB5B42CC91AB800E0D85D /* Debug */,
				139AB5B52CC91AB800E0D85D /* Release */,
			);
			defaultConfigurationIsVisible = 0;
			defaultConfigurationName = Release;
		};
/* End XCConfigurationList section */

/* Begin XCRemoteSwiftPackageReference section */
		139AB5B82CC921E700E0D85D /* XCRemoteSwiftPackageReference "firebase-ios-sdk" */ = {
			isa = XCRemoteSwiftPackageReference;
			repositoryURL = "https://github.com/firebase/firebase-ios-sdk";
			requirement = {
				kind = upToNextMajorVersion;
				minimumVersion = 11.4.0;
			};
		};
/* End XCRemoteSwiftPackageReference section */

/* Begin XCSwiftPackageProductDependency section */
		1347E70A2CD3FF7C0016AD6C /* FirebaseInAppMessaging-Beta */ = {
			isa = XCSwiftPackageProductDependency;
			package = 139AB5B82CC921E700E0D85D /* XCRemoteSwiftPackageReference "firebase-ios-sdk" */;
			productName = "FirebaseInAppMessaging-Beta";
		};
		137046FC2CD2C7DD0095850D /* FirebaseMessaging */ = {
			isa = XCSwiftPackageProductDependency;
			package = 139AB5B82CC921E700E0D85D /* XCRemoteSwiftPackageReference "firebase-ios-sdk" */;
			productName = FirebaseMessaging;
		};
		1373246E2CCCE68E002769F0 /* FirebaseStorage */ = {
			isa = XCSwiftPackageProductDependency;
			package = 139AB5B82CC921E700E0D85D /* XCRemoteSwiftPackageReference "firebase-ios-sdk" */;
			productName = FirebaseStorage;
		};
		137324702CCCE68E002769F0 /* FirebaseStorageCombine-Community */ = {
			isa = XCSwiftPackageProductDependency;
			package = 139AB5B82CC921E700E0D85D /* XCRemoteSwiftPackageReference "firebase-ios-sdk" */;
			productName = "FirebaseStorageCombine-Community";
		};
		139AB5B92CC9235A00E0D85D /* FirebaseAnalytics */ = {
			isa = XCSwiftPackageProductDependency;
			package = 139AB5B82CC921E700E0D85D /* XCRemoteSwiftPackageReference "firebase-ios-sdk" */;
			productName = FirebaseAnalytics;
		};
		139AB5BB2CC9235A00E0D85D /* FirebaseAnalyticsOnDeviceConversion */ = {
			isa = XCSwiftPackageProductDependency;
			package = 139AB5B82CC921E700E0D85D /* XCRemoteSwiftPackageReference "firebase-ios-sdk" */;
			productName = FirebaseAnalyticsOnDeviceConversion;
		};
		139AB5BD2CC9235A00E0D85D /* FirebaseAnalyticsWithoutAdIdSupport */ = {
			isa = XCSwiftPackageProductDependency;
			package = 139AB5B82CC921E700E0D85D /* XCRemoteSwiftPackageReference "firebase-ios-sdk" */;
			productName = FirebaseAnalyticsWithoutAdIdSupport;
		};
		139AB5BF2CC9235A00E0D85D /* FirebaseAppCheck */ = {
			isa = XCSwiftPackageProductDependency;
			package = 139AB5B82CC921E700E0D85D /* XCRemoteSwiftPackageReference "firebase-ios-sdk" */;
			productName = FirebaseAppCheck;
		};
		139AB5C12CC9235A00E0D85D /* FirebaseAppDistribution-Beta */ = {
			isa = XCSwiftPackageProductDependency;
			package = 139AB5B82CC921E700E0D85D /* XCRemoteSwiftPackageReference "firebase-ios-sdk" */;
			productName = "FirebaseAppDistribution-Beta";
		};
		139AB5C52CC923A500E0D85D /* FirebaseAnalytics */ = {
			isa = XCSwiftPackageProductDependency;
			package = 139AB5B82CC921E700E0D85D /* XCRemoteSwiftPackageReference "firebase-ios-sdk" */;
			productName = FirebaseAnalytics;
		};
		139AB5C72CC923A500E0D85D /* FirebaseAnalyticsOnDeviceConversion */ = {
			isa = XCSwiftPackageProductDependency;
			package = 139AB5B82CC921E700E0D85D /* XCRemoteSwiftPackageReference "firebase-ios-sdk" */;
			productName = FirebaseAnalyticsOnDeviceConversion;
		};
		139AB5C92CC923A500E0D85D /* FirebaseAnalyticsWithoutAdIdSupport */ = {
			isa = XCSwiftPackageProductDependency;
			package = 139AB5B82CC921E700E0D85D /* XCRemoteSwiftPackageReference "firebase-ios-sdk" */;
			productName = FirebaseAnalyticsWithoutAdIdSupport;
		};
		139AB5CB2CC923A500E0D85D /* FirebaseAppCheck */ = {
			isa = XCSwiftPackageProductDependency;
			package = 139AB5B82CC921E700E0D85D /* XCRemoteSwiftPackageReference "firebase-ios-sdk" */;
			productName = FirebaseAppCheck;
		};
		139AB5CD2CC923A500E0D85D /* FirebaseAppDistribution-Beta */ = {
			isa = XCSwiftPackageProductDependency;
			package = 139AB5B82CC921E700E0D85D /* XCRemoteSwiftPackageReference "firebase-ios-sdk" */;
			productName = "FirebaseAppDistribution-Beta";
		};
		139AB5CF2CC923A500E0D85D /* FirebaseAuth */ = {
			isa = XCSwiftPackageProductDependency;
			package = 139AB5B82CC921E700E0D85D /* XCRemoteSwiftPackageReference "firebase-ios-sdk" */;
			productName = FirebaseAuth;
		};
		139AB5D12CC923A500E0D85D /* FirebaseAuthCombine-Community */ = {
			isa = XCSwiftPackageProductDependency;
			package = 139AB5B82CC921E700E0D85D /* XCRemoteSwiftPackageReference "firebase-ios-sdk" */;
			productName = "FirebaseAuthCombine-Community";
		};
		139AB5D32CC923A500E0D85D /* FirebaseCore */ = {
			isa = XCSwiftPackageProductDependency;
			package = 139AB5B82CC921E700E0D85D /* XCRemoteSwiftPackageReference "firebase-ios-sdk" */;
			productName = FirebaseCore;
		};
		139AB5D52CC923A500E0D85D /* FirebaseCrashlytics */ = {
			isa = XCSwiftPackageProductDependency;
			package = 139AB5B82CC921E700E0D85D /* XCRemoteSwiftPackageReference "firebase-ios-sdk" */;
			productName = FirebaseCrashlytics;
		};
		139AB5D72CC923A500E0D85D /* FirebaseDatabase */ = {
			isa = XCSwiftPackageProductDependency;
			package = 139AB5B82CC921E700E0D85D /* XCRemoteSwiftPackageReference "firebase-ios-sdk" */;
			productName = FirebaseDatabase;
		};
		139AB5D92CC923A500E0D85D /* FirebaseDynamicLinks */ = {
			isa = XCSwiftPackageProductDependency;
			package = 139AB5B82CC921E700E0D85D /* XCRemoteSwiftPackageReference "firebase-ios-sdk" */;
			productName = FirebaseDynamicLinks;
		};
		139AB5DB2CC923A500E0D85D /* FirebaseFirestore */ = {
			isa = XCSwiftPackageProductDependency;
			package = 139AB5B82CC921E700E0D85D /* XCRemoteSwiftPackageReference "firebase-ios-sdk" */;
			productName = FirebaseFirestore;
		};
		139AB5DD2CC923A500E0D85D /* FirebaseFirestoreCombine-Community */ = {
			isa = XCSwiftPackageProductDependency;
			package = 139AB5B82CC921E700E0D85D /* XCRemoteSwiftPackageReference "firebase-ios-sdk" */;
			productName = "FirebaseFirestoreCombine-Community";
		};
		139AB5DF2CC923A500E0D85D /* FirebaseFunctions */ = {
			isa = XCSwiftPackageProductDependency;
			package = 139AB5B82CC921E700E0D85D /* XCRemoteSwiftPackageReference "firebase-ios-sdk" */;
			productName = FirebaseFunctions;
		};
		139AB5E12CC923A500E0D85D /* FirebaseFunctionsCombine-Community */ = {
			isa = XCSwiftPackageProductDependency;
			package = 139AB5B82CC921E700E0D85D /* XCRemoteSwiftPackageReference "firebase-ios-sdk" */;
			productName = "FirebaseFunctionsCombine-Community";
		};
		139AB5E32CC923A500E0D85D /* FirebaseInAppMessaging-Beta */ = {
			isa = XCSwiftPackageProductDependency;
			package = 139AB5B82CC921E700E0D85D /* XCRemoteSwiftPackageReference "firebase-ios-sdk" */;
			productName = "FirebaseInAppMessaging-Beta";
		};
		139AB5E52CC923A500E0D85D /* FirebaseInstallations */ = {
			isa = XCSwiftPackageProductDependency;
			package = 139AB5B82CC921E700E0D85D /* XCRemoteSwiftPackageReference "firebase-ios-sdk" */;
			productName = FirebaseInstallations;
		};
		139AB5E72CC923A500E0D85D /* FirebaseMLModelDownloader */ = {
			isa = XCSwiftPackageProductDependency;
			package = 139AB5B82CC921E700E0D85D /* XCRemoteSwiftPackageReference "firebase-ios-sdk" */;
			productName = FirebaseMLModelDownloader;
		};
		139AB5E92CC923A500E0D85D /* FirebaseMessaging */ = {
			isa = XCSwiftPackageProductDependency;
			package = 139AB5B82CC921E700E0D85D /* XCRemoteSwiftPackageReference "firebase-ios-sdk" */;
			productName = FirebaseMessaging;
		};
		139AB5EB2CC923A500E0D85D /* FirebasePerformance */ = {
			isa = XCSwiftPackageProductDependency;
			package = 139AB5B82CC921E700E0D85D /* XCRemoteSwiftPackageReference "firebase-ios-sdk" */;
			productName = FirebasePerformance;
		};
		139AB5ED2CC923A500E0D85D /* FirebaseRemoteConfig */ = {
			isa = XCSwiftPackageProductDependency;
			package = 139AB5B82CC921E700E0D85D /* XCRemoteSwiftPackageReference "firebase-ios-sdk" */;
			productName = FirebaseRemoteConfig;
		};
		139AB5EF2CC923A500E0D85D /* FirebaseStorage */ = {
			isa = XCSwiftPackageProductDependency;
			package = 139AB5B82CC921E700E0D85D /* XCRemoteSwiftPackageReference "firebase-ios-sdk" */;
			productName = FirebaseStorage;
		};
		139AB5F12CC923A500E0D85D /* FirebaseStorageCombine-Community */ = {
			isa = XCSwiftPackageProductDependency;
			package = 139AB5B82CC921E700E0D85D /* XCRemoteSwiftPackageReference "firebase-ios-sdk" */;
			productName = "FirebaseStorageCombine-Community";
		};
		139AB5F32CC923A500E0D85D /* FirebaseVertexAI */ = {
			isa = XCSwiftPackageProductDependency;
			package = 139AB5B82CC921E700E0D85D /* XCRemoteSwiftPackageReference "firebase-ios-sdk" */;
			productName = FirebaseVertexAI;
		};
		139AB5F72CC9267400E0D85D /* FirebaseAuth */ = {
			isa = XCSwiftPackageProductDependency;
			package = 139AB5B82CC921E700E0D85D /* XCRemoteSwiftPackageReference "firebase-ios-sdk" */;
			productName = FirebaseAuth;
		};
		139AB5F92CC9267400E0D85D /* FirebaseCore */ = {
			isa = XCSwiftPackageProductDependency;
			package = 139AB5B82CC921E700E0D85D /* XCRemoteSwiftPackageReference "firebase-ios-sdk" */;
			productName = FirebaseCore;
		};
		13EC5F642CCB904D009DF4C8 /* FirebaseFirestore */ = {
			isa = XCSwiftPackageProductDependency;
			package = 139AB5B82CC921E700E0D85D /* XCRemoteSwiftPackageReference "firebase-ios-sdk" */;
			productName = FirebaseFirestore;
		};
		13EC5F662CCB907A009DF4C8 /* FirebaseFirestoreCombine-Community */ = {
			isa = XCSwiftPackageProductDependency;
			package = 139AB5B82CC921E700E0D85D /* XCRemoteSwiftPackageReference "firebase-ios-sdk" */;
			productName = "FirebaseFirestoreCombine-Community";
		};
/* End XCSwiftPackageProductDependency section */
	};
	rootObject = 139AB5812CC91AB600E0D85D /* Project object */;
}
